<?xml version="1.0" encoding="utf-8"?>
<Project ToolsVersion="4.0" xmlns="http://schemas.microsoft.com/developer/msbuild/2003">
  <ItemGroup>
    <Filter Include="Source Files">
      <UniqueIdentifier>{4FC737F1-C7A5-4376-A066-2A32D752A2FF}</UniqueIdentifier>
      <Extensions>cpp;c;cc;cxx;c++;cppm;ixx;def;odl;idl;hpj;bat;asm;asmx</Extensions>
    </Filter>
    <Filter Include="Header Files">
      <UniqueIdentifier>{93995380-89BD-4b04-88EB-625FBE52EBFB}</UniqueIdentifier>
      <Extensions>h;hh;hpp;hxx;h++;hm;inl;inc;ipp;xsd</Extensions>
    </Filter>
    <Filter Include="Resource Files">
      <UniqueIdentifier>{67DA6AB6-F800-4c08-8B7A-83BB121AAD01}</UniqueIdentifier>
      <Extensions>rc;ico;cur;bmp;dlg;rc2;rct;bin;rgs;gif;jpg;jpeg;jpe;resx;tiff;tif;png;wav;mfcribbon-ms</Extensions>
    </Filter>
    <Filter Include="Header Files\Gui">
      <UniqueIdentifier>{9ea05aee-4839-4115-be63-9a19ad168811}</UniqueIdentifier>
    </Filter>
    <Filter Include="Header Files\ImGui">
      <UniqueIdentifier>{3cdd4e34-97b1-4d78-ad3f-99ec18579c6e}</UniqueIdentifier>
    </Filter>
    <Filter Include="Header Files\Logger">
      <UniqueIdentifier>{bb684349-3c64-4b5f-a597-ff6415441da4}</UniqueIdentifier>
    </Filter>
    <Filter Include="Header Files\NetworkInterfaceManager">
      <UniqueIdentifier>{f2ecff1f-019f-405b-aa4e-b775eb5681c3}</UniqueIdentifier>
    </Filter>
    <Filter Include="Header Files\Utils">
      <UniqueIdentifier>{e7746f5f-29e4-4422-a37a-964753db568c}</UniqueIdentifier>
    </Filter>
    <Filter Include="Header Files\Packet">
      <UniqueIdentifier>{9ddb5abe-7f2d-4b37-a706-ec2d7fcfac7b}</UniqueIdentifier>
    </Filter>
  </ItemGroup>
  <ItemGroup>
    <ClCompile Include="src\main.cpp">
      <Filter>Source Files</Filter>
    </ClCompile>
    <ClCompile Include="include\imgui\imgui.cpp">
      <Filter>Header Files\ImGui</Filter>
    </ClCompile>
    <ClCompile Include="include\imgui\imgui_draw.cpp">
      <Filter>Header Files\ImGui</Filter>
    </ClCompile>
    <ClCompile Include="include\imgui\imgui_impl_glfw.cpp">
      <Filter>Header Files\ImGui</Filter>
    </ClCompile>
    <ClCompile Include="include\imgui\imgui_impl_opengl3.cpp">
      <Filter>Header Files\ImGui</Filter>
    </ClCompile>
    <ClCompile Include="include\imgui\imgui_stdlib.cpp">
      <Filter>Header Files\ImGui</Filter>
    </ClCompile>
    <ClCompile Include="include\imgui\imgui_tables.cpp">
      <Filter>Header Files\ImGui</Filter>
    </ClCompile>
    <ClCompile Include="include\imgui\imgui_widgets.cpp">
      <Filter>Header Files\ImGui</Filter>
    </ClCompile>
    <ClCompile Include="src\Gui\SpyRavenApp.cpp">
      <Filter>Header Files\Gui</Filter>
    </ClCompile>
    <ClCompile Include="include\Logger\Logger.cpp">
      <Filter>Header Files\Logger</Filter>
    </ClCompile>
    <ClCompile Include="src\Gui\App.cpp">
      <Filter>Header Files\Gui</Filter>
    </ClCompile>
    <ClCompile Include="src\NetworkInterfaceManager\NetworkInterfaceManager.cpp">
      <Filter>Header Files\NetworkInterfaceManager</Filter>
    </ClCompile>
    <ClCompile Include="include\imgui\implot.cpp">
      <Filter>Header Files\ImGui</Filter>
    </ClCompile>
    <ClCompile Include="include\imgui\implot_items.cpp">
      <Filter>Header Files\ImGui</Filter>
    </ClCompile>
    <ClCompile Include="src\Packet\Packet.cpp">
      <Filter>Header Files\Packet</Filter>
    </ClCompile>
  </ItemGroup>
  <ItemGroup>
    <ClInclude Include="include\imgui\imconfig.h">
      <Filter>Header Files\ImGui</Filter>
    </ClInclude>
    <ClInclude Include="include\imgui\imgui.h">
      <Filter>Header Files\ImGui</Filter>
    </ClInclude>
    <ClInclude Include="include\imgui\imgui_impl_glfw.h">
      <Filter>Header Files\ImGui</Filter>
    </ClInclude>
    <ClInclude Include="include\imgui\imgui_impl_opengl3.h">
      <Filter>Header Files\ImGui</Filter>
    </ClInclude>
    <ClInclude Include="include\imgui\imgui_impl_opengl3_loader.h">
      <Filter>Header Files\ImGui</Filter>
    </ClInclude>
    <ClInclude Include="include\imgui\imgui_internal.h">
      <Filter>Header Files\ImGui</Filter>
    </ClInclude>
    <ClInclude Include="include\imgui\imgui_stdlib.h">
      <Filter>Header Files\ImGui</Filter>
    </ClInclude>
    <ClInclude Include="include\imgui\imstb_rectpack.h">
      <Filter>Header Files\ImGui</Filter>
    </ClInclude>
    <ClInclude Include="include\imgui\imstb_textedit.h">
      <Filter>Header Files\ImGui</Filter>
    </ClInclude>
    <ClInclude Include="include\imgui\imstb_truetype.h">
      <Filter>Header Files\ImGui</Filter>
    </ClInclude>
    <ClInclude Include="src\Gui\App.h">
      <Filter>Header Files\Gui</Filter>
    </ClInclude>
    <ClInclude Include="src\Gui\SpyRavenApp.h">
      <Filter>Header Files\Gui</Filter>
    </ClInclude>
    <ClInclude Include="include\Logger\Colors.h">
      <Filter>Header Files\Logger</Filter>
    </ClInclude>
    <ClInclude Include="include\Logger\Logger.h">
      <Filter>Header Files\Logger</Filter>
    </ClInclude>
    <ClInclude Include="src\NetworkInterfaceManager\NetworkInterfaceManager.h">
      <Filter>Header Files\NetworkInterfaceManager</Filter>
    </ClInclude>
    <ClInclude Include="src\Gui\SelectorWindow.h">
      <Filter>Header Files\Gui</Filter>
    </ClInclude>
    <ClInclude Include="src\Utils\Utils.h">
      <Filter>Header Files\Utils</Filter>
    </ClInclude>
    <ClInclude Include="include\imgui\implot.h">
      <Filter>Header Files\ImGui</Filter>
    </ClInclude>
    <ClInclude Include="include\imgui\implot_internal.h">
      <Filter>Header Files\ImGui</Filter>
    </ClInclude>
    <ClInclude Include="src\Packet\Packet.h">
      <Filter>Header Files\Packet</Filter>
    </ClInclude>
    <ClInclude Include="src\Packet\PacketHeaders.h">
      <Filter>Header Files\Packet</Filter>
    </ClInclude>
    <ClInclude Include="src\Gui\TableWindow.h">
      <Filter>Header Files\Gui</Filter>
    </ClInclude>
    <ClInclude Include="src\Gui\HexViewer.h">
      <Filter>Header Files\Gui</Filter>
    </ClInclude>
    <ClInclude Include="src\Gui\InspectorWindow.h">
      <Filter>Header Files\Gui</Filter>
    </ClInclude>
    <ClInclude Include="resources\resource1.h">
      <Filter>Resource Files</Filter>
    </ClInclude>
  </ItemGroup>
  <ItemGroup>
    <None Include="resources\SpyRaven.aps">
      <Filter>Resource Files</Filter>
    </None>
  </ItemGroup>
  <ItemGroup>
    <ResourceCompile Include="resources\SpyRaven.rc">
      <Filter>Resource Files</Filter>
    </ResourceCompile>
  </ItemGroup>
</Project>